// !$*UTF8*$!
{
	archiveVersion = 1;
	classes = {
	};
	objectVersion = 50;
	objects = {

/* Begin PBXBuildFile section */
		214BFD58245DDB6B000FD48D /* AppDelegate.swift in Sources */ = {isa = PBXBuildFile; fileRef = 214BFD57245DDB6B000FD48D /* AppDelegate.swift */; };
		214BFD5A245DDB6B000FD48D /* SceneDelegate.swift in Sources */ = {isa = PBXBuildFile; fileRef = 214BFD59245DDB6B000FD48D /* SceneDelegate.swift */; };
		214BFD5C245DDB6B000FD48D /* ViewController.swift in Sources */ = {isa = PBXBuildFile; fileRef = 214BFD5B245DDB6B000FD48D /* ViewController.swift */; };
		214BFD5F245DDB6B000FD48D /* Main.storyboard in Resources */ = {isa = PBXBuildFile; fileRef = 214BFD5D245DDB6B000FD48D /* Main.storyboard */; };
		214BFD61245DDB6F000FD48D /* Assets.xcassets in Resources */ = {isa = PBXBuildFile; fileRef = 214BFD60245DDB6F000FD48D /* Assets.xcassets */; };
		214BFD64245DDB6F000FD48D /* LaunchScreen.storyboard in Resources */ = {isa = PBXBuildFile; fileRef = 214BFD62245DDB6F000FD48D /* LaunchScreen.storyboard */; };
		214BFD6F245DDB6F000FD48D /* MemorizeTests.swift in Sources */ = {isa = PBXBuildFile; fileRef = 214BFD6E245DDB6F000FD48D /* MemorizeTests.swift */; };
/* End PBXBuildFile section */

/* Begin PBXContainerItemProxy section */
		214BFD6B245DDB6F000FD48D /* PBXContainerItemProxy */ = {
			isa = PBXContainerItemProxy;
			containerPortal = 214BFD4C245DDB6B000FD48D /* Project object */;
			proxyType = 1;
			remoteGlobalIDString = 214BFD53245DDB6B000FD48D;
			remoteInfo = Memorize;
		};
/* End PBXContainerItemProxy section */

/* Begin PBXFileReference section */
		214BFD54245DDB6B000FD48D /* Memorize.app */ = {isa = PBXFileReference; explicitFileType = wrapper.application; includeInIndex = 0; path = Memorize.app; sourceTree = BUILT_PRODUCTS_DIR; };
		214BFD57245DDB6B000FD48D /* AppDelegate.swift */ = {isa = PBXFileReference; lastKnownFileType = sourcecode.swift; path = AppDelegate.swift; sourceTree = "<group>"; };
		214BFD59245DDB6B000FD48D /* SceneDelegate.swift */ = {isa = PBXFileReference; lastKnownFileType = sourcecode.swift; path = SceneDelegate.swift; sourceTree = "<group>"; };
		214BFD5B245DDB6B000FD48D /* ViewController.swift */ = {isa = PBXFileReference; lastKnownFileType = sourcecode.swift; path = ViewController.swift; sourceTree = "<group>"; };
		214BFD5E245DDB6B000FD48D /* Base */ = {isa = PBXFileReference; lastKnownFileType = file.storyboard; name = Base; path = Base.lproj/Main.storyboard; sourceTree = "<group>"; };
		214BFD60245DDB6F000FD48D /* Assets.xcassets */ = {isa = PBXFileReference; lastKnownFileType = folder.assetcatalog; path = Assets.xcassets; sourceTree = "<group>"; };
		214BFD63245DDB6F000FD48D /* Base */ = {isa = PBXFileReference; lastKnownFileType = file.storyboard; name = Base; path = Base.lproj/LaunchScreen.storyboard; sourceTree = "<group>"; };
		214BFD65245DDB6F000FD48D /* Info.plist */ = {isa = PBXFileReference; lastKnownFileType = text.plist.xml; path = Info.plist; sourceTree = "<group>"; };
		214BFD6A245DDB6F000FD48D /* MemorizeTests.xctest */ = {isa = PBXFileReference; explicitFileType = wrapper.cfbundle; includeInIndex = 0; path = MemorizeTests.xctest; sourceTree = BUILT_PRODUCTS_DIR; };
		214BFD6E245DDB6F000FD48D /* MemorizeTests.swift */ = {isa = PBXFileReference; lastKnownFileType = sourcecode.swift; path = MemorizeTests.swift; sourceTree = "<group>"; };
		214BFD70245DDB6F000FD48D /* Info.plist */ = {isa = PBXFileReference; lastKnownFileType = text.plist.xml; path = Info.plist; sourceTree = "<group>"; };
/* End PBXFileReference section */

/* Begin PBXFrameworksBuildPhase section */
		214BFD51245DDB6B000FD48D /* Frameworks */ = {
			isa = PBXFrameworksBuildPhase;
			buildActionMask = 2147483647;
			files = (
			);
			runOnlyForDeploymentPostprocessing = 0;
		};
		214BFD67245DDB6F000FD48D /* Frameworks */ = {
			isa = PBXFrameworksBuildPhase;
			buildActionMask = 2147483647;
			files = (
			);
			runOnlyForDeploymentPostprocessing = 0;
		};
/* End PBXFrameworksBuildPhase section */

/* Begin PBXGroup section */
		214BFD4B245DDB6B000FD48D = {
			isa = PBXGroup;
			children = (
				214BFD56245DDB6B000FD48D /* Memorize */,
				214BFD6D245DDB6F000FD48D /* MemorizeTests */,
				214BFD55245DDB6B000FD48D /* Products */,
			);
			sourceTree = "<group>";
		};
		214BFD55245DDB6B000FD48D /* Products */ = {
			isa = PBXGroup;
			children = (
				214BFD54245DDB6B000FD48D /* Memorize.app */,
				214BFD6A245DDB6F000FD48D /* MemorizeTests.xctest */,
			);
			name = Products;
			sourceTree = "<group>";
		};
		214BFD56245DDB6B000FD48D /* Memorize */ = {
			isa = PBXGroup;
			children = (
				214BFD57245DDB6B000FD48D /* AppDelegate.swift */,
				214BFD59245DDB6B000FD48D /* SceneDelegate.swift */,
				214BFD5B245DDB6B000FD48D /* ViewController.swift */,
				214BFD5D245DDB6B000FD48D /* Main.storyboard */,
				214BFD60245DDB6F000FD48D /* Assets.xcassets */,
				214BFD62245DDB6F000FD48D /* LaunchScreen.storyboard */,
				214BFD65245DDB6F000FD48D /* Info.plist */,
			);
			path = Memorize;
			sourceTree = "<group>";
		};
		214BFD6D245DDB6F000FD48D /* MemorizeTests */ = {
			isa = PBXGroup;
			children = (
				214BFD6E245DDB6F000FD48D /* MemorizeTests.swift */,
				214BFD70245DDB6F000FD48D /* Info.plist */,
			);
			path = MemorizeTests;
			sourceTree = "<group>";
		};
/* End PBXGroup section */

/* Begin PBXNativeTarget section */
		214BFD53245DDB6B000FD48D /* Memorize */ = {
			isa = PBXNativeTarget;
			buildConfigurationList = 214BFD73245DDB6F000FD48D /* Build configuration list for PBXNativeTarget "Memorize" */;
			buildPhases = (
				214BFD50245DDB6B000FD48D /* Sources */,
				214BFD51245DDB6B000FD48D /* Frameworks */,
				214BFD52245DDB6B000FD48D /* Resources */,
			);
			buildRules = (
			);
			dependencies = (
			);
			name = Memorize;
			productName = Memorize;
			productReference = 214BFD54245DDB6B000FD48D /* Memorize.app */;
			productType = "com.apple.product-type.application";
		};
		214BFD69245DDB6F000FD48D /* MemorizeTests */ = {
			isa = PBXNativeTarget;
			buildConfigurationList = 214BFD76245DDB6F000FD48D /* Build configuration list for PBXNativeTarget "MemorizeTests" */;
			buildPhases = (
				214BFD66245DDB6F000FD48D /* Sources */,
				214BFD67245DDB6F000FD48D /* Frameworks */,
				214BFD68245DDB6F000FD48D /* Resources */,
			);
			buildRules = (
			);
			dependencies = (
				214BFD6C245DDB6F000FD48D /* PBXTargetDependency */,
			);
			name = MemorizeTests;
			productName = MemorizeTests;
			productReference = 214BFD6A245DDB6F000FD48D /* MemorizeTests.xctest */;
			productType = "com.apple.product-type.bundle.unit-test";
		};
/* End PBXNativeTarget section */

/* Begin PBXProject section */
		214BFD4C245DDB6B000FD48D /* Project object */ = {
			isa = PBXProject;
			attributes = {
				LastSwiftUpdateCheck = 1140;
				LastUpgradeCheck = 1140;
				ORGANIZATIONNAME = Elmob;
				TargetAttributes = {
					214BFD53245DDB6B000FD48D = {
						CreatedOnToolsVersion = 11.4.1;
					};
					214BFD69245DDB6F000FD48D = {
						CreatedOnToolsVersion = 11.4.1;
						TestTargetID = 214BFD53245DDB6B000FD48D;
					};
				};
			};
			buildConfigurationList = 214BFD4F245DDB6B000FD48D /* Build configuration list for PBXProject "Memorize" */;
			compatibilityVersion = "Xcode 9.3";
			developmentRegion = en;
			hasScannedForEncodings = 0;
			knownRegions = (
				en,
				Base,
			);
			mainGroup = 214BFD4B245DDB6B000FD48D;
			productRefGroup = 214BFD55245DDB6B000FD48D /* Products */;
			projectDirPath = "";
			projectRoot = "";
			targets = (
				214BFD53245DDB6B000FD48D /* Memorize */,
				214BFD69245DDB6F000FD48D /* MemorizeTests */,
			);
		};
/* End PBXProject section */

/* Begin PBXResourcesBuildPhase section */
		214BFD52245DDB6B000FD48D /* Resources */ = {
			isa = PBXResourcesBuildPhase;
			buildActionMask = 2147483647;
			files = (
				214BFD64245DDB6F000FD48D /* LaunchScreen.storyboard in Resources */,
				214BFD61245DDB6F000FD48D /* Assets.xcassets in Resources */,
				214BFD5F245DDB6B000FD48D /* Main.storyboard in Resources */,
			);
			runOnlyForDeploymentPostprocessing = 0;
		};
		214BFD68245DDB6F000FD48D /* Resources */ = {
			isa = PBXResourcesBuildPhase;
			buildActionMask = 2147483647;
			files = (
			);
			runOnlyForDeploymentPostprocessing = 0;
		};
/* End PBXResourcesBuildPhase section */

/* Begin PBXSourcesBuildPhase section */
		214BFD50245DDB6B000FD48D /* Sources */ = {
			isa = PBXSourcesBuildPhase;
			buildActionMask = 2147483647;
			files = (
				214BFD5C245DDB6B000FD48D /* ViewController.swift in Sources */,
				214BFD58245DDB6B000FD48D /* AppDelegate.swift in Sources */,
				214BFD5A245DDB6B000FD48D /* SceneDelegate.swift in Sources */,
			);
			runOnlyForDeploymentPostprocessing = 0;
		};
		214BFD66245DDB6F000FD48D /* Sources */ = {
			isa = PBXSourcesBuildPhase;
			buildActionMask = 2147483647;
			files = (
				214BFD6F245DDB6F000FD48D /* MemorizeTests.swift in Sources */,
			);
			runOnlyForDeploymentPostprocessing = 0;
		};
/* End PBXSourcesBuildPhase section */

/* Begin PBXTargetDependency section */
		214BFD6C245DDB6F000FD48D /* PBXTargetDependency */ = {
			isa = PBXTargetDependency;
			target = 214BFD53245DDB6B000FD48D /* Memorize */;
			targetProxy = 214BFD6B245DDB6F000FD48D /* PBXContainerItemProxy */;
		};
/* End PBXTargetDependency section */

/* Begin PBXVariantGroup section */
		214BFD5D245DDB6B000FD48D /* Main.storyboard */ = {
			isa = PBXVariantGroup;
			children = (
				214BFD5E245DDB6B000FD48D /* Base */,
			);
			name = Main.storyboard;
			sourceTree = "<group>";
		};
		214BFD62245DDB6F000FD48D /* LaunchScreen.storyboard */ = {
			isa = PBXVariantGroup;
			children = (
				214BFD63245DDB6F000FD48D /* Base */,
			);
			name = LaunchScreen.storyboard;
			sourceTree = "<group>";
		};
/* End PBXVariantGroup section */

/* Begin XCBuildConfiguration section */
		214BFD71245DDB6F000FD48D /* Debug */ = {
			isa = XCBuildConfiguration;
			buildSettings = {
				ALWAYS_SEARCH_USER_PATHS = NO;
				CLANG_ANALYZER_NONNULL = YES;
				CLANG_ANALYZER_NUMBER_OBJECT_CONVERSION = YES_AGGRESSIVE;
				CLANG_CXX_LANGUAGE_STANDARD = "gnu++14";
				CLANG_CXX_LIBRARY = "libc++";
				CLANG_ENABLE_MODULES = YES;
				CLANG_ENABLE_OBJC_ARC = YES;
				CLANG_ENABLE_OBJC_WEAK = YES;
				CLANG_WARN_BLOCK_CAPTURE_AUTORELEASING = YES;
				CLANG_WARN_BOOL_CONVERSION = YES;
				CLANG_WARN_COMMA = YES;
				CLANG_WARN_CONSTANT_CONVERSION = YES;
				CLANG_WARN_DEPRECATED_OBJC_IMPLEMENTATIONS = YES;
				CLANG_WARN_DIRECT_OBJC_ISA_USAGE = YES_ERROR;
				CLANG_WARN_DOCUMENTATION_COMMENTS = YES;
				CLANG_WARN_EMPTY_BODY = YES;
				CLANG_WARN_ENUM_CONVERSION = YES;
				CLANG_WARN_INFINITE_RECURSION = YES;
				CLANG_WARN_INT_CONVERSION = YES;
				CLANG_WARN_NON_LITERAL_NULL_CONVERSION = YES;
				CLANG_WARN_OBJC_IMPLICIT_RETAIN_SELF = YES;
				CLANG_WARN_OBJC_LITERAL_CONVERSION = YES;
				CLANG_WARN_OBJC_ROOT_CLASS = YES_ERROR;
				CLANG_WARN_RANGE_LOOP_ANALYSIS = YES;
				CLANG_WARN_STRICT_PROTOTYPES = YES;
				CLANG_WARN_SUSPICIOUS_MOVE = YES;
				CLANG_WARN_UNGUARDED_AVAILABILITY = YES_AGGRESSIVE;
				CLANG_WARN_UNREACHABLE_CODE = YES;
				CLANG_WARN__DUPLICATE_METHOD_MATCH = YES;
				COPY_PHASE_STRIP = NO;
				DEBUG_INFORMATION_FORMAT = dwarf;
				ENABLE_STRICT_OBJC_MSGSEND = YES;
				ENABLE_TESTABILITY = YES;
				GCC_C_LANGUAGE_STANDARD = gnu11;
				GCC_DYNAMIC_NO_PIC = NO;
				GCC_NO_COMMON_BLOCKS = YES;
				GCC_OPTIMIZATION_LEVEL = 0;
				GCC_PREPROCESSOR_DEFINITIONS = (
					"DEBUG=1",
					"$(inherited)",
				);
				GCC_WARN_64_TO_32_BIT_CONVERSION = YES;
				GCC_WARN_ABOUT_RETURN_TYPE = YES_ERROR;
				GCC_WARN_UNDECLARED_SELECTOR = YES;
				GCC_WARN_UNINITIALIZED_AUTOS = YES_AGGRESSIVE;
				GCC_WARN_UNUSED_FUNCTION = YES;
				GCC_WARN_UNUSED_VARIABLE = YES;
				IPHONEOS_DEPLOYMENT_TARGET = 13.4;
				MTL_ENABLE_DEBUG_INFO = INCLUDE_SOURCE;
				MTL_FAST_MATH = YES;
				ONLY_ACTIVE_ARCH = YES;
				SDKROOT = iphoneos;
				SWIFT_ACTIVE_COMPILATION_CONDITIONS = DEBUG;
				SWIFT_OPTIMIZATION_LEVEL = "-Onone";
			};
			name = Debug;
		};
		214BFD72245DDB6F000FD48D /* Release */ = {
			isa = XCBuildConfiguration;
			buildSettings = {
				ALWAYS_SEARCH_USER_PATHS = NO;
				CLANG_ANALYZER_NONNULL = YES;
				CLANG_ANALYZER_NUMBER_OBJECT_CONVERSION = YES_AGGRESSIVE;
				CLANG_CXX_LANGUAGE_STANDARD = "gnu++14";
				CLANG_CXX_LIBRARY = "libc++";
				CLANG_ENABLE_MODULES = YES;
				CLANG_ENABLE_OBJC_ARC = YES;
				CLANG_ENABLE_OBJC_WEAK = YES;
				CLANG_WARN_BLOCK_CAPTURE_AUTORELEASING = YES;
				CLANG_WARN_BOOL_CONVERSION = YES;
				CLANG_WARN_COMMA = YES;
				CLANG_WARN_CONSTANT_CONVERSION = YES;
				CLANG_WARN_DEPRECATED_OBJC_IMPLEMENTATIONS = YES;
				CLANG_WARN_DIRECT_OBJC_ISA_USAGE = YES_ERROR;
				CLANG_WARN_DOCUMENTATION_COMMENTS = YES;
				CLANG_WARN_EMPTY_BODY = YES;
				CLANG_WARN_ENUM_CONVERSION = YES;
				CLANG_WARN_INFINITE_RECURSION = YES;
				CLANG_WARN_INT_CONVERSION = YES;
				CLANG_WARN_NON_LITERAL_NULL_CONVERSION = YES;
				CLANG_WARN_OBJC_IMPLICIT_RETAIN_SELF = YES;
				CLANG_WARN_OBJC_LITERAL_CONVERSION = YES;
				CLANG_WARN_OBJC_ROOT_CLASS = YES_ERROR;
				CLANG_WARN_RANGE_LOOP_ANALYSIS = YES;
				CLANG_WARN_STRICT_PROTOTYPES = YES;
				CLANG_WARN_SUSPICIOUS_MOVE = YES;
				CLANG_WARN_UNGUARDED_AVAILABILITY = YES_AGGRESSIVE;
				CLANG_WARN_UNREACHABLE_CODE = YES;
				CLANG_WARN__DUPLICATE_METHOD_MATCH = YES;
				COPY_PHASE_STRIP = NO;
				DEBUG_INFORMATION_FORMAT = "dwarf-with-dsym";
				ENABLE_NS_ASSERTIONS = NO;
				ENABLE_STRICT_OBJC_MSGSEND = YES;
				GCC_C_LANGUAGE_STANDARD = gnu11;
				GCC_NO_COMMON_BLOCKS = YES;
				GCC_WARN_64_TO_32_BIT_CONVERSION = YES;
				GCC_WARN_ABOUT_RETURN_TYPE = YES_ERROR;
				GCC_WARN_UNDECLARED_SELECTOR = YES;
				GCC_WARN_UNINITIALIZED_AUTOS = YES_AGGRESSIVE;
				GCC_WARN_UNUSED_FUNCTION = YES;
				GCC_WARN_UNUSED_VARIABLE = YES;
				IPHONEOS_DEPLOYMENT_TARGET = 13.4;
				MTL_ENABLE_DEBUG_INFO = NO;
				MTL_FAST_MATH = YES;
				SDKROOT = iphoneos;
				SWIFT_COMPILATION_MODE = wholemodule;
				SWIFT_OPTIMIZATION_LEVEL = "-O";
				VALIDATE_PRODUCT = YES;
			};
			name = Release;
		};
		214BFD74245DDB6F000FD48D /* Debug */ = {
			isa = XCBuildConfiguration;
			buildSettings = {
				ASSETCATALOG_COMPILER_APPICON_NAME = AppIcon;
				CODE_SIGN_STYLE = Automatic;
				DEVELOPMENT_TEAM = FB2BUNN535;
				INFOPLIST_FILE = Memorize/Info.plist;
				LD_RUNPATH_SEARCH_PATHS = (
					"$(inherited)",
					"@executable_path/Frameworks",
				);
				PRODUCT_BUNDLE_IDENTIFIER = Elmob.com.Memorize;
				PRODUCT_NAME = "$(TARGET_NAME)";
				SWIFT_VERSION = 5.0;
				TARGETED_DEVICE_FAMILY = "1,2";
			};
			name = Debug;
		};
		214BFD75245DDB6F000FD48D /* Release */ = {
			isa = XCBuildConfiguration;
			buildSettings = {
				ASSETCATALOG_COMPILER_APPICON_NAME = AppIcon;
				CODE_SIGN_STYLE = Automatic;
				DEVELOPMENT_TEAM = FB2BUNN535;
				INFOPLIST_FILE = Memorize/Info.plist;
				LD_RUNPATH_SEARCH_PATHS = (
					"$(inherited)",
					"@executable_path/Frameworks",
				);
				PRODUCT_BUNDLE_IDENTIFIER = Elmob.com.Memorize;
				PRODUCT_NAME = "$(TARGET_NAME)";
				SWIFT_VERSION = 5.0;
				TARGETED_DEVICE_FAMILY = "1,2";
			};
			name = Release;
		};
		214BFD77245DDB6F000FD48D /* Debug */ = {
			isa = XCBuildConfiguration;
			buildSettings = {
				ALWAYS_EMBED_SWIFT_STANDARD_LIBRARIES = YES;
				BUNDLE_LOADER = "$(TEST_HOST)";
				CODE_SIGN_STYLE = Automatic;
				DEVELOPMENT_TEAM = FB2BUNN535;
				INFOPLIST_FILE = MemorizeTests/Info.plist;
				IPHONEOS_DEPLOYMENT_TARGET = 13.4;
				LD_RUNPATH_SEARCH_PATHS = (
					"$(inherited)",
					"@executable_path/Frameworks",
					"@loader_path/Frameworks",
				);
				PRODUCT_BUNDLE_IDENTIFIER = Elmob.com.MemorizeTests;
				PRODUCT_NAME = "$(TARGET_NAME)";
				SWIFT_VERSION = 5.0;
				TARGETED_DEVICE_FAMILY = "1,2";
				TEST_HOST = "$(BUILT_PRODUCTS_DIR)/Memorize.app/Memorize";
			};
			name = Debug;
		};
		214BFD78245DDB6F000FD48D /* Release */ = {
			isa = XCBuildConfiguration;
			buildSettings = {
				ALWAYS_EMBED_SWIFT_STANDARD_LIBRARIES = YES;
				BUNDLE_LOADER = "$(TEST_HOST)";
				CODE_SIGN_STYLE = Automatic;
				DEVELOPMENT_TEAM = FB2BUNN535;
				INFOPLIST_FILE = MemorizeTests/Info.plist;
				IPHONEOS_DEPLOYMENT_TARGET = 13.4;
				LD_RUNPATH_SEARCH_PATHS = (
					"$(inherited)",
					"@executable_path/Frameworks",
					"@loader_path/Frameworks",
				);
				PRODUCT_BUNDLE_IDENTIFIER = Elmob.com.MemorizeTests;
				PRODUCT_NAME = "$(TARGET_NAME)";
				SWIFT_VERSION = 5.0;
				TARGETED_DEVICE_FAMILY = "1,2";
				TEST_HOST = "$(BUILT_PRODUCTS_DIR)/Memorize.app/Memorize";
			};
			name = Release;
		};
/* End XCBuildConfiguration section */

/* Begin XCConfigurationList section */
		214BFD4F245DDB6B000FD48D /* Build configuration list for PBXProject "Memorize" */ = {
			isa = XCConfigurationList;
			buildConfigurations = (
				214BFD71245DDB6F000FD48D /* Debug */,
				214BFD72245DDB6F000FD48D /* Release */,
			);
			defaultConfigurationIsVisible = 0;
			defaultConfigurationName = Release;
		};
		214BFD73245DDB6F000FD48D /* Build configuration list for PBXNativeTarget "Memorize" */ = {
			isa = XCConfigurationList;
			buildConfigurations = (
				214BFD74245DDB6F000FD48D /* Debug */,
				214BFD75245DDB6F000FD48D /* Release */,
			);
			defaultConfigurationIsVisible = 0;
			defaultConfigurationName = Release;
		};
		214BFD76245DDB6F000FD48D /* Build configuration list for PBXNativeTarget "MemorizeTests" */ = {
			isa = XCConfigurationList;
			buildConfigurations = (
				214BFD77245DDB6F000FD48D /* Debug */,
				214BFD78245DDB6F000FD48D /* Release */,
			);
			defaultConfigurationIsVisible = 0;
			defaultConfigurationName = Release;
		};
/* End XCConfigurationList section */
	};
	rootObject = 214BFD4C245DDB6B000FD48D /* Project object */;
}
